// !$*UTF8*$!
{
	archiveVersion = 1;
	classes = {
	};
	objectVersion = 46;
	objects = {

/* Begin PBXBuildFile section */
		645B1E58E4AA196E6D8CA1A4 /* libPods-test-001.a in Frameworks */ = {isa = PBXBuildFile; fileRef = A60EB163ACBCE4D78D461565 /* libPods-test-001.a */; };
		C97FCBD51DE8115D00B5A71E /* HMCoreDataManager.m in Sources */ = {isa = PBXBuildFile; fileRef = C97FCBD41DE8115C00B5A71E /* HMCoreDataManager.m */; };
		C9BE15581DE4438200256908 /* testGCD.m in Sources */ = {isa = PBXBuildFile; fileRef = C9BE15571DE4438200256908 /* testGCD.m */; };
		C9BE15611DE4442200256908 /* NSString+reverse.m in Sources */ = {isa = PBXBuildFile; fileRef = C9BE155E1DE4442200256908 /* NSString+reverse.m */; };
		C9BE15621DE4442200256908 /* UIView+ca.m in Sources */ = {isa = PBXBuildFile; fileRef = C9BE15601DE4442200256908 /* UIView+ca.m */; };
		C9BE15671DE4443D00256908 /* layerTestView.m in Sources */ = {isa = PBXBuildFile; fileRef = C9BE15661DE4443D00256908 /* layerTestView.m */; };
		C9BE156E1DE4456100256908 /* testRunLoop.m in Sources */ = {isa = PBXBuildFile; fileRef = C9BE156D1DE4456100256908 /* testRunLoop.m */; };
		C9BE15711DE4459800256908 /* testRunLoopView.m in Sources */ = {isa = PBXBuildFile; fileRef = C9BE15701DE4459800256908 /* testRunLoopView.m */; };
		C9BE15741DE446FF00256908 /* testGCDView.m in Sources */ = {isa = PBXBuildFile; fileRef = C9BE15731DE446FF00256908 /* testGCDView.m */; };
		C9BE15771DE4497D00256908 /* testDataSerialize.m in Sources */ = {isa = PBXBuildFile; fileRef = C9BE15761DE4497D00256908 /* testDataSerialize.m */; };
		C9BE157A1DE4531B00256908 /* cdPeople.m in Sources */ = {isa = PBXBuildFile; fileRef = C9BE15791DE4531B00256908 /* cdPeople.m */; };
		C9BE157C1DE456B400256908 /* CoreData.framework in Frameworks */ = {isa = PBXBuildFile; fileRef = C9BE157B1DE456B400256908 /* CoreData.framework */; };
		C9BE157E1DE456D700256908 /* libsqlite3.tbd in Frameworks */ = {isa = PBXBuildFile; fileRef = C9BE157D1DE456D700256908 /* libsqlite3.tbd */; };
		C9BE16441DE584F800256908 /* test_001.xcdatamodeld in Sources */ = {isa = PBXBuildFile; fileRef = C9BE16421DE584F800256908 /* test_001.xcdatamodeld */; };
		C9F127B31DC9970C005F55BD /* main.m in Sources */ = {isa = PBXBuildFile; fileRef = C9F127B21DC9970C005F55BD /* main.m */; };
		C9F127B61DC9970C005F55BD /* AppDelegate.m in Sources */ = {isa = PBXBuildFile; fileRef = C9F127B51DC9970C005F55BD /* AppDelegate.m */; };
		C9F127B91DC9970C005F55BD /* ViewController.m in Sources */ = {isa = PBXBuildFile; fileRef = C9F127B81DC9970C005F55BD /* ViewController.m */; };
		C9F127BC1DC9970C005F55BD /* Main.storyboard in Resources */ = {isa = PBXBuildFile; fileRef = C9F127BA1DC9970C005F55BD /* Main.storyboard */; };
		C9F127C11DC9970C005F55BD /* Assets.xcassets in Resources */ = {isa = PBXBuildFile; fileRef = C9F127C01DC9970C005F55BD /* Assets.xcassets */; };
		C9F127C41DC9970C005F55BD /* LaunchScreen.storyboard in Resources */ = {isa = PBXBuildFile; fileRef = C9F127C21DC9970C005F55BD /* LaunchScreen.storyboard */; };
		C9F127CF1DC9970C005F55BD /* test_001Tests.m in Sources */ = {isa = PBXBuildFile; fileRef = C9F127CE1DC9970C005F55BD /* test_001Tests.m */; };
		C9F127DA1DC9970C005F55BD /* test_001UITests.m in Sources */ = {isa = PBXBuildFile; fileRef = C9F127D91DC9970C005F55BD /* test_001UITests.m */; };
/* End PBXBuildFile section */

/* Begin PBXContainerItemProxy section */
		C9F127CB1DC9970C005F55BD /* PBXContainerItemProxy */ = {
			isa = PBXContainerItemProxy;
			containerPortal = C9F127A61DC9970C005F55BD /* Project object */;
			proxyType = 1;
			remoteGlobalIDString = C9F127AD1DC9970C005F55BD;
			remoteInfo = "test-001";
		};
		C9F127D61DC9970C005F55BD /* PBXContainerItemProxy */ = {
			isa = PBXContainerItemProxy;
			containerPortal = C9F127A61DC9970C005F55BD /* Project object */;
			proxyType = 1;
			remoteGlobalIDString = C9F127AD1DC9970C005F55BD;
			remoteInfo = "test-001";
		};
/* End PBXContainerItemProxy section */

/* Begin PBXFileReference section */
		6DAEE49461D30DEB2E020408 /* Pods-test-001.debug.xcconfig */ = {isa = PBXFileReference; includeInIndex = 1; lastKnownFileType = text.xcconfig; name = "Pods-test-001.debug.xcconfig"; path = "Pods/Target Support Files/Pods-test-001/Pods-test-001.debug.xcconfig"; sourceTree = "<group>"; };
		A60EB163ACBCE4D78D461565 /* libPods-test-001.a */ = {isa = PBXFileReference; explicitFileType = archive.ar; includeInIndex = 0; path = "libPods-test-001.a"; sourceTree = BUILT_PRODUCTS_DIR; };
		C97FCBD31DE8115C00B5A71E /* HMCoreDataManager.h */ = {isa = PBXFileReference; fileEncoding = 4; lastKnownFileType = sourcecode.c.h; path = HMCoreDataManager.h; sourceTree = "<group>"; };
		C97FCBD41DE8115C00B5A71E /* HMCoreDataManager.m */ = {isa = PBXFileReference; fileEncoding = 4; lastKnownFileType = sourcecode.c.objc; path = HMCoreDataManager.m; sourceTree = "<group>"; };
		C9BE15561DE4438200256908 /* testGCD.h */ = {isa = PBXFileReference; fileEncoding = 4; lastKnownFileType = sourcecode.c.h; path = testGCD.h; sourceTree = "<group>"; };
		C9BE15571DE4438200256908 /* testGCD.m */ = {isa = PBXFileReference; fileEncoding = 4; lastKnownFileType = sourcecode.c.objc; path = testGCD.m; sourceTree = "<group>"; };
		C9BE155D1DE4442200256908 /* NSString+reverse.h */ = {isa = PBXFileReference; fileEncoding = 4; lastKnownFileType = sourcecode.c.h; path = "NSString+reverse.h"; sourceTree = "<group>"; };
		C9BE155E1DE4442200256908 /* NSString+reverse.m */ = {isa = PBXFileReference; fileEncoding = 4; lastKnownFileType = sourcecode.c.objc; path = "NSString+reverse.m"; sourceTree = "<group>"; };
		C9BE155F1DE4442200256908 /* UIView+ca.h */ = {isa = PBXFileReference; fileEncoding = 4; lastKnownFileType = sourcecode.c.h; path = "UIView+ca.h"; sourceTree = "<group>"; };
		C9BE15601DE4442200256908 /* UIView+ca.m */ = {isa = PBXFileReference; fileEncoding = 4; lastKnownFileType = sourcecode.c.objc; path = "UIView+ca.m"; sourceTree = "<group>"; };
		C9BE15641DE4442600256908 /* caHeader.h */ = {isa = PBXFileReference; fileEncoding = 4; lastKnownFileType = sourcecode.c.h; path = caHeader.h; sourceTree = "<group>"; };
		C9BE15651DE4443D00256908 /* layerTestView.h */ = {isa = PBXFileReference; fileEncoding = 4; lastKnownFileType = sourcecode.c.h; path = layerTestView.h; sourceTree = "<group>"; };
		C9BE15661DE4443D00256908 /* layerTestView.m */ = {isa = PBXFileReference; fileEncoding = 4; lastKnownFileType = sourcecode.c.objc; path = layerTestView.m; sourceTree = "<group>"; };
		C9BE156C1DE4456100256908 /* testRunLoop.h */ = {isa = PBXFileReference; fileEncoding = 4; lastKnownFileType = sourcecode.c.h; path = testRunLoop.h; sourceTree = "<group>"; };
		C9BE156D1DE4456100256908 /* testRunLoop.m */ = {isa = PBXFileReference; fileEncoding = 4; lastKnownFileType = sourcecode.c.objc; path = testRunLoop.m; sourceTree = "<group>"; };
		C9BE156F1DE4459800256908 /* testRunLoopView.h */ = {isa = PBXFileReference; fileEncoding = 4; lastKnownFileType = sourcecode.c.h; path = testRunLoopView.h; sourceTree = "<group>"; };
		C9BE15701DE4459800256908 /* testRunLoopView.m */ = {isa = PBXFileReference; fileEncoding = 4; lastKnownFileType = sourcecode.c.objc; path = testRunLoopView.m; sourceTree = "<group>"; };
		C9BE15721DE446FF00256908 /* testGCDView.h */ = {isa = PBXFileReference; fileEncoding = 4; lastKnownFileType = sourcecode.c.h; path = testGCDView.h; sourceTree = "<group>"; };
		C9BE15731DE446FF00256908 /* testGCDView.m */ = {isa = PBXFileReference; fileEncoding = 4; lastKnownFileType = sourcecode.c.objc; path = testGCDView.m; sourceTree = "<group>"; };
		C9BE15751DE4497D00256908 /* testDataSerialize.h */ = {isa = PBXFileReference; fileEncoding = 4; lastKnownFileType = sourcecode.c.h; path = testDataSerialize.h; sourceTree = "<group>"; };
		C9BE15761DE4497D00256908 /* testDataSerialize.m */ = {isa = PBXFileReference; fileEncoding = 4; lastKnownFileType = sourcecode.c.objc; path = testDataSerialize.m; sourceTree = "<group>"; };
		C9BE15781DE4531B00256908 /* cdPeople.h */ = {isa = PBXFileReference; fileEncoding = 4; lastKnownFileType = sourcecode.c.h; path = cdPeople.h; sourceTree = "<group>"; };
		C9BE15791DE4531B00256908 /* cdPeople.m */ = {isa = PBXFileReference; fileEncoding = 4; lastKnownFileType = sourcecode.c.objc; path = cdPeople.m; sourceTree = "<group>"; };
		C9BE157B1DE456B400256908 /* CoreData.framework */ = {isa = PBXFileReference; lastKnownFileType = wrapper.framework; name = CoreData.framework; path = System/Library/Frameworks/CoreData.framework; sourceTree = SDKROOT; };
		C9BE157D1DE456D700256908 /* libsqlite3.tbd */ = {isa = PBXFileReference; lastKnownFileType = "sourcecode.text-based-dylib-definition"; name = libsqlite3.tbd; path = usr/lib/libsqlite3.tbd; sourceTree = SDKROOT; };
		C9BE16431DE584F800256908 /* test_001.xcdatamodel */ = {isa = PBXFileReference; lastKnownFileType = wrapper.xcdatamodel; path = test_001.xcdatamodel; sourceTree = "<group>"; };
		C9F127AE1DC9970C005F55BD /* test-001.app */ = {isa = PBXFileReference; explicitFileType = wrapper.application; includeInIndex = 0; path = "test-001.app"; sourceTree = BUILT_PRODUCTS_DIR; };
		C9F127B21DC9970C005F55BD /* main.m */ = {isa = PBXFileReference; lastKnownFileType = sourcecode.c.objc; path = main.m; sourceTree = "<group>"; };
		C9F127B41DC9970C005F55BD /* AppDelegate.h */ = {isa = PBXFileReference; lastKnownFileType = sourcecode.c.h; path = AppDelegate.h; sourceTree = "<group>"; };
		C9F127B51DC9970C005F55BD /* AppDelegate.m */ = {isa = PBXFileReference; lastKnownFileType = sourcecode.c.objc; path = AppDelegate.m; sourceTree = "<group>"; };
		C9F127B71DC9970C005F55BD /* ViewController.h */ = {isa = PBXFileReference; lastKnownFileType = sourcecode.c.h; path = ViewController.h; sourceTree = "<group>"; };
		C9F127B81DC9970C005F55BD /* ViewController.m */ = {isa = PBXFileReference; lastKnownFileType = sourcecode.c.objc; path = ViewController.m; sourceTree = "<group>"; };
		C9F127BB1DC9970C005F55BD /* Base */ = {isa = PBXFileReference; lastKnownFileType = file.storyboard; name = Base; path = Base.lproj/Main.storyboard; sourceTree = "<group>"; };
		C9F127C01DC9970C005F55BD /* Assets.xcassets */ = {isa = PBXFileReference; lastKnownFileType = folder.assetcatalog; path = Assets.xcassets; sourceTree = "<group>"; };
		C9F127C31DC9970C005F55BD /* Base */ = {isa = PBXFileReference; lastKnownFileType = file.storyboard; name = Base; path = Base.lproj/LaunchScreen.storyboard; sourceTree = "<group>"; };
		C9F127C51DC9970C005F55BD /* Info.plist */ = {isa = PBXFileReference; lastKnownFileType = text.plist.xml; path = Info.plist; sourceTree = "<group>"; };
		C9F127CA1DC9970C005F55BD /* test-001Tests.xctest */ = {isa = PBXFileReference; explicitFileType = wrapper.cfbundle; includeInIndex = 0; path = "test-001Tests.xctest"; sourceTree = BUILT_PRODUCTS_DIR; };
		C9F127CE1DC9970C005F55BD /* test_001Tests.m */ = {isa = PBXFileReference; lastKnownFileType = sourcecode.c.objc; path = test_001Tests.m; sourceTree = "<group>"; };
		C9F127D01DC9970C005F55BD /* Info.plist */ = {isa = PBXFileReference; lastKnownFileType = text.plist.xml; path = Info.plist; sourceTree = "<group>"; };
		C9F127D51DC9970C005F55BD /* test-001UITests.xctest */ = {isa = PBXFileReference; explicitFileType = wrapper.cfbundle; includeInIndex = 0; path = "test-001UITests.xctest"; sourceTree = BUILT_PRODUCTS_DIR; };
		C9F127D91DC9970C005F55BD /* test_001UITests.m */ = {isa = PBXFileReference; lastKnownFileType = sourcecode.c.objc; path = test_001UITests.m; sourceTree = "<group>"; };
		C9F127DB1DC9970C005F55BD /* Info.plist */ = {isa = PBXFileReference; lastKnownFileType = text.plist.xml; path = Info.plist; sourceTree = "<group>"; };
		FA6F26ED922FA25F575399F0 /* Pods-test-001.release.xcconfig */ = {isa = PBXFileReference; includeInIndex = 1; lastKnownFileType = text.xcconfig; name = "Pods-test-001.release.xcconfig"; path = "Pods/Target Support Files/Pods-test-001/Pods-test-001.release.xcconfig"; sourceTree = "<group>"; };
/* End PBXFileReference section */

/* Begin PBXFrameworksBuildPhase section */
		C9F127AB1DC9970C005F55BD /* Frameworks */ = {
			isa = PBXFrameworksBuildPhase;
			buildActionMask = 2147483647;
			files = (
				C9BE157E1DE456D700256908 /* libsqlite3.tbd in Frameworks */,
				C9BE157C1DE456B400256908 /* CoreData.framework in Frameworks */,
				645B1E58E4AA196E6D8CA1A4 /* libPods-test-001.a in Frameworks */,
			);
			runOnlyForDeploymentPostprocessing = 0;
		};
		C9F127C71DC9970C005F55BD /* Frameworks */ = {
			isa = PBXFrameworksBuildPhase;
			buildActionMask = 2147483647;
			files = (
			);
			runOnlyForDeploymentPostprocessing = 0;
		};
		C9F127D21DC9970C005F55BD /* Frameworks */ = {
			isa = PBXFrameworksBuildPhase;
			buildActionMask = 2147483647;
			files = (
			);
			runOnlyForDeploymentPostprocessing = 0;
		};
/* End PBXFrameworksBuildPhase section */

/* Begin PBXGroup section */
		9504A4F67EDAE0BB831E0CCD /* Pods */ = {
			isa = PBXGroup;
			children = (
				6DAEE49461D30DEB2E020408 /* Pods-test-001.debug.xcconfig */,
				FA6F26ED922FA25F575399F0 /* Pods-test-001.release.xcconfig */,
			);
			name = Pods;
			sourceTree = "<group>";
		};
		BB9843FFFC476C3841F1AF62 /* Frameworks */ = {
			isa = PBXGroup;
			children = (
				C9BE157D1DE456D700256908 /* libsqlite3.tbd */,
				C9BE157B1DE456B400256908 /* CoreData.framework */,
				A60EB163ACBCE4D78D461565 /* libPods-test-001.a */,
			);
			name = Frameworks;
			sourceTree = "<group>";
		};
		C9BE15551DE4438200256908 /* GCD */ = {
			isa = PBXGroup;
			children = (
				C9BE15561DE4438200256908 /* testGCD.h */,
				C9BE15571DE4438200256908 /* testGCD.m */,
				C9BE15721DE446FF00256908 /* testGCDView.h */,
				C9BE15731DE446FF00256908 /* testGCDView.m */,
			);
			path = GCD;
			sourceTree = "<group>";
		};
		C9BE15591DE4438A00256908 /* ARC */ = {
			isa = PBXGroup;
			children = (
			);
			path = ARC;
			sourceTree = "<group>";
		};
		C9BE155A1DE4439A00256908 /* CoreData */ = {
			isa = PBXGroup;
			children = (
				C9BE15781DE4531B00256908 /* cdPeople.h */,
				C9BE15791DE4531B00256908 /* cdPeople.m */,
				C9BE15751DE4497D00256908 /* testDataSerialize.h */,
				C9BE15761DE4497D00256908 /* testDataSerialize.m */,
				C97FCBD31DE8115C00B5A71E /* HMCoreDataManager.h */,
				C97FCBD41DE8115C00B5A71E /* HMCoreDataManager.m */,
			);
			path = CoreData;
			sourceTree = "<group>";
		};
		C9BE155B1DE443C900256908 /* CoreGraphics */ = {
			isa = PBXGroup;
			children = (
				C9BE15651DE4443D00256908 /* layerTestView.h */,
				C9BE15661DE4443D00256908 /* layerTestView.m */,
			);
			path = CoreGraphics;
			sourceTree = "<group>";
		};
		C9BE155C1DE4442200256908 /* category */ = {
			isa = PBXGroup;
			children = (
				C9BE155F1DE4442200256908 /* UIView+ca.h */,
				C9BE15601DE4442200256908 /* UIView+ca.m */,
				C9BE155D1DE4442200256908 /* NSString+reverse.h */,
				C9BE155E1DE4442200256908 /* NSString+reverse.m */,
			);
			path = category;
			sourceTree = "<group>";
		};
		C9BE15631DE4442600256908 /* public */ = {
			isa = PBXGroup;
			children = (
				C9BE15641DE4442600256908 /* caHeader.h */,
			);
			path = public;
			sourceTree = "<group>";
		};
		C9BE156B1DE4456100256908 /* RunLoop */ = {
			isa = PBXGroup;
			children = (
				C9BE156C1DE4456100256908 /* testRunLoop.h */,
				C9BE156D1DE4456100256908 /* testRunLoop.m */,
				C9BE156F1DE4459800256908 /* testRunLoopView.h */,
				C9BE15701DE4459800256908 /* testRunLoopView.m */,
			);
			path = RunLoop;
			sourceTree = "<group>";
		};
		C9F127A51DC9970C005F55BD = {
			isa = PBXGroup;
			children = (
				C9F127B01DC9970C005F55BD /* test-001 */,
				C9F127CD1DC9970C005F55BD /* test-001Tests */,
				C9F127D81DC9970C005F55BD /* test-001UITests */,
				C9F127AF1DC9970C005F55BD /* Products */,
				9504A4F67EDAE0BB831E0CCD /* Pods */,
				BB9843FFFC476C3841F1AF62 /* Frameworks */,
			);
			sourceTree = "<group>";
		};
		C9F127AF1DC9970C005F55BD /* Products */ = {
			isa = PBXGroup;
			children = (
				C9F127AE1DC9970C005F55BD /* test-001.app */,
				C9F127CA1DC9970C005F55BD /* test-001Tests.xctest */,
				C9F127D51DC9970C005F55BD /* test-001UITests.xctest */,
			);
			name = Products;
			sourceTree = "<group>";
		};
		C9F127B01DC9970C005F55BD /* test-001 */ = {
			isa = PBXGroup;
			children = (
				C9BE15631DE4442600256908 /* public */,
				C9BE155C1DE4442200256908 /* category */,
				C9BE155B1DE443C900256908 /* CoreGraphics */,
				C9BE155A1DE4439A00256908 /* CoreData */,
				C9BE15591DE4438A00256908 /* ARC */,
				C9BE15551DE4438200256908 /* GCD */,
				C9BE156B1DE4456100256908 /* RunLoop */,
				C9F127B41DC9970C005F55BD /* AppDelegate.h */,
				C9F127B51DC9970C005F55BD /* AppDelegate.m */,
				C9F127B71DC9970C005F55BD /* ViewController.h */,
				C9F127B81DC9970C005F55BD /* ViewController.m */,
				C9F127BA1DC9970C005F55BD /* Main.storyboard */,
				C9BE16421DE584F800256908 /* test_001.xcdatamodeld */,
				C9F127C01DC9970C005F55BD /* Assets.xcassets */,
				C9F127C21DC9970C005F55BD /* LaunchScreen.storyboard */,
				C9F127C51DC9970C005F55BD /* Info.plist */,
				C9F127B11DC9970C005F55BD /* Supporting Files */,
			);
			path = "test-001";
			sourceTree = "<group>";
		};
		C9F127B11DC9970C005F55BD /* Supporting Files */ = {
			isa = PBXGroup;
			children = (
				C9F127B21DC9970C005F55BD /* main.m */,
			);
			name = "Supporting Files";
			sourceTree = "<group>";
		};
		C9F127CD1DC9970C005F55BD /* test-001Tests */ = {
			isa = PBXGroup;
			children = (
				C9F127CE1DC9970C005F55BD /* test_001Tests.m */,
				C9F127D01DC9970C005F55BD /* Info.plist */,
			);
			path = "test-001Tests";
			sourceTree = "<group>";
		};
		C9F127D81DC9970C005F55BD /* test-001UITests */ = {
			isa = PBXGroup;
			children = (
				C9F127D91DC9970C005F55BD /* test_001UITests.m */,
				C9F127DB1DC9970C005F55BD /* Info.plist */,
			);
			path = "test-001UITests";
			sourceTree = "<group>";
		};
/* End PBXGroup section */

/* Begin PBXNativeTarget section */
		C9F127AD1DC9970C005F55BD /* test-001 */ = {
			isa = PBXNativeTarget;
			buildConfigurationList = C9F127DE1DC9970C005F55BD /* Build configuration list for PBXNativeTarget "test-001" */;
			buildPhases = (
				88F246C510455C4AD1106725 /* 📦 Check Pods Manifest.lock */,
				C9F127AA1DC9970C005F55BD /* Sources */,
				C9F127AB1DC9970C005F55BD /* Frameworks */,
				C9F127AC1DC9970C005F55BD /* Resources */,
				6B33986AF573D6C97B26AFBE /* 📦 Embed Pods Frameworks */,
				308330702618BA4CEBB3518C /* 📦 Copy Pods Resources */,
			);
			buildRules = (
			);
			dependencies = (
			);
			name = "test-001";
			productName = "test-001";
			productReference = C9F127AE1DC9970C005F55BD /* test-001.app */;
			productType = "com.apple.product-type.application";
		};
		C9F127C91DC9970C005F55BD /* test-001Tests */ = {
			isa = PBXNativeTarget;
			buildConfigurationList = C9F127E11DC9970C005F55BD /* Build configuration list for PBXNativeTarget "test-001Tests" */;
			buildPhases = (
				C9F127C61DC9970C005F55BD /* Sources */,
				C9F127C71DC9970C005F55BD /* Frameworks */,
				C9F127C81DC9970C005F55BD /* Resources */,
			);
			buildRules = (
			);
			dependencies = (
				C9F127CC1DC9970C005F55BD /* PBXTargetDependency */,
			);
			name = "test-001Tests";
			productName = "test-001Tests";
			productReference = C9F127CA1DC9970C005F55BD /* test-001Tests.xctest */;
			productType = "com.apple.product-type.bundle.unit-test";
		};
		C9F127D41DC9970C005F55BD /* test-001UITests */ = {
			isa = PBXNativeTarget;
			buildConfigurationList = C9F127E41DC9970C005F55BD /* Build configuration list for PBXNativeTarget "test-001UITests" */;
			buildPhases = (
				C9F127D11DC9970C005F55BD /* Sources */,
				C9F127D21DC9970C005F55BD /* Frameworks */,
				C9F127D31DC9970C005F55BD /* Resources */,
			);
			buildRules = (
			);
			dependencies = (
				C9F127D71DC9970C005F55BD /* PBXTargetDependency */,
			);
			name = "test-001UITests";
			productName = "test-001UITests";
			productReference = C9F127D51DC9970C005F55BD /* test-001UITests.xctest */;
			productType = "com.apple.product-type.bundle.ui-testing";
		};
/* End PBXNativeTarget section */

/* Begin PBXProject section */
		C9F127A61DC9970C005F55BD /* Project object */ = {
			isa = PBXProject;
			attributes = {
				LastUpgradeCheck = 0800;
				ORGANIZATIONNAME = cDuozi;
				TargetAttributes = {
					C9F127AD1DC9970C005F55BD = {
						CreatedOnToolsVersion = 8.0;
						DevelopmentTeam = M5NGEQAU7Z;
						ProvisioningStyle = Automatic;
					};
					C9F127C91DC9970C005F55BD = {
						CreatedOnToolsVersion = 8.0;
						ProvisioningStyle = Automatic;
						TestTargetID = C9F127AD1DC9970C005F55BD;
					};
					C9F127D41DC9970C005F55BD = {
						CreatedOnToolsVersion = 8.0;
						ProvisioningStyle = Automatic;
						TestTargetID = C9F127AD1DC9970C005F55BD;
					};
				};
			};
			buildConfigurationList = C9F127A91DC9970C005F55BD /* Build configuration list for PBXProject "test-001" */;
			compatibilityVersion = "Xcode 3.2";
			developmentRegion = English;
			hasScannedForEncodings = 0;
			knownRegions = (
				en,
				Base,
			);
			mainGroup = C9F127A51DC9970C005F55BD;
			productRefGroup = C9F127AF1DC9970C005F55BD /* Products */;
			projectDirPath = "";
			projectRoot = "";
			targets = (
				C9F127AD1DC9970C005F55BD /* test-001 */,
				C9F127C91DC9970C005F55BD /* test-001Tests */,
				C9F127D41DC9970C005F55BD /* test-001UITests */,
			);
		};
/* End PBXProject section */

/* Begin PBXResourcesBuildPhase section */
		C9F127AC1DC9970C005F55BD /* Resources */ = {
			isa = PBXResourcesBuildPhase;
			buildActionMask = 2147483647;
			files = (
				C9F127C41DC9970C005F55BD /* LaunchScreen.storyboard in Resources */,
				C9F127C11DC9970C005F55BD /* Assets.xcassets in Resources */,
				C9F127BC1DC9970C005F55BD /* Main.storyboard in Resources */,
			);
			runOnlyForDeploymentPostprocessing = 0;
		};
		C9F127C81DC9970C005F55BD /* Resources */ = {
			isa = PBXResourcesBuildPhase;
			buildActionMask = 2147483647;
			files = (
			);
			runOnlyForDeploymentPostprocessing = 0;
		};
		C9F127D31DC9970C005F55BD /* Resources */ = {
			isa = PBXResourcesBuildPhase;
			buildActionMask = 2147483647;
			files = (
			);
			runOnlyForDeploymentPostprocessing = 0;
		};
/* End PBXResourcesBuildPhase section */

/* Begin PBXShellScriptBuildPhase section */
		308330702618BA4CEBB3518C /* 📦 Copy Pods Resources */ = {
			isa = PBXShellScriptBuildPhase;
			buildActionMask = 2147483647;
			files = (
			);
			inputPaths = (
			);
			name = "📦 Copy Pods Resources";
			outputPaths = (
			);
			runOnlyForDeploymentPostprocessing = 0;
			shellPath = /bin/sh;
			shellScript = "\"${SRCROOT}/Pods/Target Support Files/Pods-test-001/Pods-test-001-resources.sh\"\n";
			showEnvVarsInLog = 0;
		};
		6B33986AF573D6C97B26AFBE /* 📦 Embed Pods Frameworks */ = {
			isa = PBXShellScriptBuildPhase;
			buildActionMask = 2147483647;
			files = (
			);
			inputPaths = (
			);
			name = "📦 Embed Pods Frameworks";
			outputPaths = (
			);
			runOnlyForDeploymentPostprocessing = 0;
			shellPath = /bin/sh;
			shellScript = "\"${SRCROOT}/Pods/Target Support Files/Pods-test-001/Pods-test-001-frameworks.sh\"\n";
			showEnvVarsInLog = 0;
		};
		88F246C510455C4AD1106725 /* 📦 Check Pods Manifest.lock */ = {
			isa = PBXShellScriptBuildPhase;
			buildActionMask = 2147483647;
			files = (
			);
			inputPaths = (
			);
			name = "📦 Check Pods Manifest.lock";
			outputPaths = (
			);
			runOnlyForDeploymentPostprocessing = 0;
			shellPath = /bin/sh;
			shellScript = "diff \"${PODS_ROOT}/../Podfile.lock\" \"${PODS_ROOT}/Manifest.lock\" > /dev/null\nif [[ $? != 0 ]] ; then\n    cat << EOM\nerror: The sandbox is not in sync with the Podfile.lock. Run 'pod install' or update your CocoaPods installation.\nEOM\n    exit 1\nfi\n";
			showEnvVarsInLog = 0;
		};
/* End PBXShellScriptBuildPhase section */

/* Begin PBXSourcesBuildPhase section */
		C9F127AA1DC9970C005F55BD /* Sources */ = {
			isa = PBXSourcesBuildPhase;
			buildActionMask = 2147483647;
			files = (
				C9BE15771DE4497D00256908 /* testDataSerialize.m in Sources */,
				C9BE156E1DE4456100256908 /* testRunLoop.m in Sources */,
				C9BE15611DE4442200256908 /* NSString+reverse.m in Sources */,
				C97FCBD51DE8115D00B5A71E /* HMCoreDataManager.m in Sources */,
				C9F127B91DC9970C005F55BD /* ViewController.m in Sources */,
				C9BE15671DE4443D00256908 /* layerTestView.m in Sources */,
				C9BE15711DE4459800256908 /* testRunLoopView.m in Sources */,
				C9BE16441DE584F800256908 /* test_001.xcdatamodeld in Sources */,
				C9BE15581DE4438200256908 /* testGCD.m in Sources */,
				C9BE15621DE4442200256908 /* UIView+ca.m in Sources */,
				C9BE157A1DE4531B00256908 /* cdPeople.m in Sources */,
				C9BE15741DE446FF00256908 /* testGCDView.m in Sources */,
				C9F127B61DC9970C005F55BD /* AppDelegate.m in Sources */,
				C9F127B31DC9970C005F55BD /* main.m in Sources */,
			);
			runOnlyForDeploymentPostprocessing = 0;
		};
		C9F127C61DC9970C005F55BD /* Sources */ = {
			isa = PBXSourcesBuildPhase;
			buildActionMask = 2147483647;
			files = (
				C9F127CF1DC9970C005F55BD /* test_001Tests.m in Sources */,
			);
			runOnlyForDeploymentPostprocessing = 0;
		};
		C9F127D11DC9970C005F55BD /* Sources */ = {
			isa = PBXSourcesBuildPhase;
			buildActionMask = 2147483647;
			files = (
				C9F127DA1DC9970C005F55BD /* test_001UITests.m in Sources */,
			);
			runOnlyForDeploymentPostprocessing = 0;
		};
/* End PBXSourcesBuildPhase section */

/* Begin PBXTargetDependency section */
		C9F127CC1DC9970C005F55BD /* PBXTargetDependency */ = {
			isa = PBXTargetDependency;
			target = C9F127AD1DC9970C005F55BD /* test-001 */;
			targetProxy = C9F127CB1DC9970C005F55BD /* PBXContainerItemProxy */;
		};
		C9F127D71DC9970C005F55BD /* PBXTargetDependency */ = {
			isa = PBXTargetDependency;
			target = C9F127AD1DC9970C005F55BD /* test-001 */;
			targetProxy = C9F127D61DC9970C005F55BD /* PBXContainerItemProxy */;
		};
/* End PBXTargetDependency section */

/* Begin PBXVariantGroup section */
		C9F127BA1DC9970C005F55BD /* Main.storyboard */ = {
			isa = PBXVariantGroup;
			children = (
				C9F127BB1DC9970C005F55BD /* Base */,
			);
			name = Main.storyboard;
			sourceTree = "<group>";
		};
		C9F127C21DC9970C005F55BD /* LaunchScreen.storyboard */ = {
			isa = PBXVariantGroup;
			children = (
				C9F127C31DC9970C005F55BD /* Base */,
			);
			name = LaunchScreen.storyboard;
			sourceTree = "<group>";
		};
/* End PBXVariantGroup section */

/* Begin XCBuildConfiguration section */
		C9F127DC1DC9970C005F55BD /* Debug */ = {
			isa = XCBuildConfiguration;
			buildSettings = {
				ALWAYS_SEARCH_USER_PATHS = NO;
				CLANG_ANALYZER_NONNULL = YES;
				CLANG_CXX_LANGUAGE_STANDARD = "gnu++0x";
				CLANG_CXX_LIBRARY = "libc++";
				CLANG_ENABLE_MODULES = YES;
				CLANG_ENABLE_OBJC_ARC = YES;
				CLANG_WARN_BOOL_CONVERSION = YES;
				CLANG_WARN_CONSTANT_CONVERSION = YES;
				CLANG_WARN_DIRECT_OBJC_ISA_USAGE = YES_ERROR;
				CLANG_WARN_DOCUMENTATION_COMMENTS = YES;
				CLANG_WARN_EMPTY_BODY = YES;
				CLANG_WARN_ENUM_CONVERSION = YES;
				CLANG_WARN_INFINITE_RECURSION = YES;
				CLANG_WARN_INT_CONVERSION = YES;
				CLANG_WARN_OBJC_ROOT_CLASS = YES_ERROR;
				CLANG_WARN_SUSPICIOUS_MOVES = YES;
				CLANG_WARN_UNREACHABLE_CODE = YES;
				CLANG_WARN__DUPLICATE_METHOD_MATCH = YES;
				"CODE_SIGN_IDENTITY[sdk=iphoneos*]" = "iPhone Developer";
				COPY_PHASE_STRIP = NO;
				DEBUG_INFORMATION_FORMAT = dwarf;
				ENABLE_STRICT_OBJC_MSGSEND = YES;
				ENABLE_TESTABILITY = YES;
				GCC_C_LANGUAGE_STANDARD = gnu99;
				GCC_DYNAMIC_NO_PIC = NO;
				GCC_NO_COMMON_BLOCKS = YES;
				GCC_OPTIMIZATION_LEVEL = 0;
				GCC_PREPROCESSOR_DEFINITIONS = (
					"DEBUG=1",
					"$(inherited)",
				);
				GCC_WARN_64_TO_32_BIT_CONVERSION = YES;
				GCC_WARN_ABOUT_RETURN_TYPE = YES_ERROR;
				GCC_WARN_UNDECLARED_SELECTOR = YES;
				GCC_WARN_UNINITIALIZED_AUTOS = YES_AGGRESSIVE;
				GCC_WARN_UNUSED_FUNCTION = YES;
				GCC_WARN_UNUSED_VARIABLE = YES;
				IPHONEOS_DEPLOYMENT_TARGET = 10.0;
				MTL_ENABLE_DEBUG_INFO = YES;
				ONLY_ACTIVE_ARCH = YES;
				SDKROOT = iphoneos;
			};
			name = Debug;
		};
		C9F127DD1DC9970C005F55BD /* Release */ = {
			isa = XCBuildConfiguration;
			buildSettings = {
				ALWAYS_SEARCH_USER_PATHS = NO;
				CLANG_ANALYZER_NONNULL = YES;
				CLANG_CXX_LANGUAGE_STANDARD = "gnu++0x";
				CLANG_CXX_LIBRARY = "libc++";
				CLANG_ENABLE_MODULES = YES;
				CLANG_ENABLE_OBJC_ARC = YES;
				CLANG_WARN_BOOL_CONVERSION = YES;
				CLANG_WARN_CONSTANT_CONVERSION = YES;
				CLANG_WARN_DIRECT_OBJC_ISA_USAGE = YES_ERROR;
				CLANG_WARN_DOCUMENTATION_COMMENTS = YES;
				CLANG_WARN_EMPTY_BODY = YES;
				CLANG_WARN_ENUM_CONVERSION = YES;
				CLANG_WARN_INFINITE_RECURSION = YES;
				CLANG_WARN_INT_CONVERSION = YES;
				CLANG_WARN_OBJC_ROOT_CLASS = YES_ERROR;
				CLANG_WARN_SUSPICIOUS_MOVES = YES;
				CLANG_WARN_UNREACHABLE_CODE = YES;
				CLANG_WARN__DUPLICATE_METHOD_MATCH = YES;
				"CODE_SIGN_IDENTITY[sdk=iphoneos*]" = "iPhone Developer";
				COPY_PHASE_STRIP = NO;
				DEBUG_INFORMATION_FORMAT = "dwarf-with-dsym";
				ENABLE_NS_ASSERTIONS = NO;
				ENABLE_STRICT_OBJC_MSGSEND = YES;
				GCC_C_LANGUAGE_STANDARD = gnu99;
				GCC_NO_COMMON_BLOCKS = YES;
				GCC_WARN_64_TO_32_BIT_CONVERSION = YES;
				GCC_WARN_ABOUT_RETURN_TYPE = YES_ERROR;
				GCC_WARN_UNDECLARED_SELECTOR = YES;
				GCC_WARN_UNINITIALIZED_AUTOS = YES_AGGRESSIVE;
				GCC_WARN_UNUSED_FUNCTION = YES;
				GCC_WARN_UNUSED_VARIABLE = YES;
				IPHONEOS_DEPLOYMENT_TARGET = 10.0;
				MTL_ENABLE_DEBUG_INFO = NO;
				SDKROOT = iphoneos;
				VALIDATE_PRODUCT = YES;
			};
			name = Release;
		};
		C9F127DF1DC9970C005F55BD /* Debug */ = {
			isa = XCBuildConfiguration;
			baseConfigurationReference = 6DAEE49461D30DEB2E020408 /* Pods-test-001.debug.xcconfig */;
			buildSettings = {
				ASSETCATALOG_COMPILER_APPICON_NAME = AppIcon;
				DEVELOPMENT_TEAM = M5NGEQAU7Z;
				INFOPLIST_FILE = "test-001/Info.plist";
				IPHONEOS_DEPLOYMENT_TARGET = 9.0;
				LD_RUNPATH_SEARCH_PATHS = "$(inherited) @executable_path/Frameworks";
				PRODUCT_BUNDLE_IDENTIFIER = "-1-No..test-001";
				PRODUCT_NAME = "$(TARGET_NAME)";
				TARGETED_DEVICE_FAMILY = 1;
			};
			name = Debug;
		};
		C9F127E01DC9970C005F55BD /* Release */ = {
			isa = XCBuildConfiguration;
			baseConfigurationReference = FA6F26ED922FA25F575399F0 /* Pods-test-001.release.xcconfig */;
			buildSettings = {
				ASSETCATALOG_COMPILER_APPICON_NAME = AppIcon;
				DEVELOPMENT_TEAM = M5NGEQAU7Z;
				INFOPLIST_FILE = "test-001/Info.plist";
				IPHONEOS_DEPLOYMENT_TARGET = 9.0;
				LD_RUNPATH_SEARCH_PATHS = "$(inherited) @executable_path/Frameworks";
				PRODUCT_BUNDLE_IDENTIFIER = "-1-No..test-001";
				PRODUCT_NAME = "$(TARGET_NAME)";
				TARGETED_DEVICE_FAMILY = 1;
			};
			name = Release;
		};
		C9F127E21DC9970C005F55BD /* Debug */ = {
			isa = XCBuildConfiguration;
			buildSettings = {
				BUNDLE_LOADER = "$(TEST_HOST)";
				INFOPLIST_FILE = "test-001Tests/Info.plist";
				LD_RUNPATH_SEARCH_PATHS = "$(inherited) @executable_path/Frameworks @loader_path/Frameworks";
				PRODUCT_BUNDLE_IDENTIFIER = "-1-No..test-001Tests";
				PRODUCT_NAME = "$(TARGET_NAME)";
				TEST_HOST = "$(BUILT_PRODUCTS_DIR)/test-001.app/test-001";
			};
			name = Debug;
		};
		C9F127E31DC9970C005F55BD /* Release */ = {
			isa = XCBuildConfiguration;
			buildSettings = {
				BUNDLE_LOADER = "$(TEST_HOST)";
				INFOPLIST_FILE = "test-001Tests/Info.plist";
				LD_RUNPATH_SEARCH_PATHS = "$(inherited) @executable_path/Frameworks @loader_path/Frameworks";
				PRODUCT_BUNDLE_IDENTIFIER = "-1-No..test-001Tests";
				PRODUCT_NAME = "$(TARGET_NAME)";
				TEST_HOST = "$(BUILT_PRODUCTS_DIR)/test-001.app/test-001";
			};
			name = Release;
		};
		C9F127E51DC9970C005F55BD /* Debug */ = {
			isa = XCBuildConfiguration;
			buildSettings = {
				INFOPLIST_FILE = "test-001UITests/Info.plist";
				LD_RUNPATH_SEARCH_PATHS = "$(inherited) @executable_path/Frameworks @loader_path/Frameworks";
				PRODUCT_BUNDLE_IDENTIFIER = "-1-No..test-001UITests";
				PRODUCT_NAME = "$(TARGET_NAME)";
				TEST_TARGET_NAME = "test-001";
			};
			name = Debug;
		};
		C9F127E61DC9970C005F55BD /* Release */ = {
			isa = XCBuildConfiguration;
			buildSettings = {
				INFOPLIST_FILE = "test-001UITests/Info.plist";
				LD_RUNPATH_SEARCH_PATHS = "$(inherited) @executable_path/Frameworks @loader_path/Frameworks";
				PRODUCT_BUNDLE_IDENTIFIER = "-1-No..test-001UITests";
				PRODUCT_NAME = "$(TARGET_NAME)";
				TEST_TARGET_NAME = "test-001";
			};
			name = Release;
		};
/* End XCBuildConfiguration section */

/* Begin XCConfigurationList section */
		C9F127A91DC9970C005F55BD /* Build configuration list for PBXProject "test-001" */ = {
			isa = XCConfigurationList;
			buildConfigurations = (
				C9F127DC1DC9970C005F55BD /* Debug */,
				C9F127DD1DC9970C005F55BD /* Release */,
			);
			defaultConfigurationIsVisible = 0;
			defaultConfigurationName = Release;
		};
		C9F127DE1DC9970C005F55BD /* Build configuration list for PBXNativeTarget "test-001" */ = {
			isa = XCConfigurationList;
			buildConfigurations = (
				C9F127DF1DC9970C005F55BD /* Debug */,
				C9F127E01DC9970C005F55BD /* Release */,
			);
			defaultConfigurationIsVisible = 0;
			defaultConfigurationName = Release;
		};
		C9F127E11DC9970C005F55BD /* Build configuration list for PBXNativeTarget "test-001Tests" */ = {
			isa = XCConfigurationList;
			buildConfigurations = (
				C9F127E21DC9970C005F55BD /* Debug */,
				C9F127E31DC9970C005F55BD /* Release */,
			);
			defaultConfigurationIsVisible = 0;
			defaultConfigurationName = Release;
		};
		C9F127E41DC9970C005F55BD /* Build configuration list for PBXNativeTarget "test-001UITests" */ = {
			isa = XCConfigurationList;
			buildConfigurations = (
				C9F127E51DC9970C005F55BD /* Debug */,
				C9F127E61DC9970C005F55BD /* Release */,
			);
			defaultConfigurationIsVisible = 0;
			defaultConfigurationName = Release;
		};
/* End XCConfigurationList section */

/* Begin XCVersionGroup section */
		C9BE16421DE584F800256908 /* test_001.xcdatamodeld */ = {
			isa = XCVersionGroup;
			children = (
				C9BE16431DE584F800256908 /* test_001.xcdatamodel */,
			);
			currentVersion = C9BE16431DE584F800256908 /* test_001.xcdatamodel */;
			path = test_001.xcdatamodeld;
			sourceTree = "<group>";
			versionGroupType = wrapper.xcdatamodel;
		};
/* End XCVersionGroup section */
	};
	rootObject = C9F127A61DC9970C005F55BD /* Project object */;
}
